
Microsoft Visual Studio Solution File, Format Version 12.00
# Visual Studio Version 17
VisualStudioVersion = 17.11.35312.102
MinimumVisualStudioVersion = 10.0.40219.1
Project("{FAE04EC0-301F-11D3-BF4B-00C04F79EFBC}") = "API.OpenPDV", "API.OpenPDV.csproj", "{1648D5AD-72BD-40F9-924F-A72A83EFA6F4}"
EndProject
Global
	GlobalSection(SolutionConfigurationPlatforms) = preSolution
		Debug|Any CPU = Debug|Any CPU
		Release|Any CPU = Release|Any CPU
	EndGlobalSection
	GlobalSection(ProjectConfigurationPlatforms) = postSolution
		{1648D5AD-72BD-40F9-924F-A72A83EFA6F4}.Debug|Any CPU.ActiveCfg = Debug|Any CPU
		{1648D5AD-72BD-40F9-924F-A72A83EFA6F4}.Debug|Any CPU.Build.0 = Debug|Any CPU
		{1648D5AD-72BD-40F9-924F-A72A83EFA6F4}.Release|Any CPU.ActiveCfg = Release|Any CPU
		{1648D5AD-72BD-40F9-924F-A72A83EFA6F4}.Release|Any CPU.Build.0 = Release|Any CPU
	EndGlobalSection
	GlobalSection(SolutionProperties) = preSolution
		HideSolutionNode = FALSE
	EndGlobalSection
	GlobalSection(ExtensibilityGlobals) = postSolution
		SolutionGuid = {46903F6A-CA5A-4772-A498-7090434A680B}
	EndGlobalSection
EndGlobal
